
Microsoft Visual Studio Solution File, Format Version 12.00
# Visual Studio 15
VisualStudioVersion = 15.0.27130.2026
MinimumVisualStudioVersion = 10.0.40219.1
Project("{00D1A9C2-B5F0-4AF3-8072-F6C62B433612}") = "SlayTheSpireDB", "SlayTheSpireDB\SlayTheSpireDB.sqlproj", "{2AA7F4D3-0247-453F-9768-ED1DCEF707F4}"
EndProject
Global
	GlobalSection(SolutionConfigurationPlatforms) = preSolution
		Debug|Any CPU = Debug|Any CPU
		Release|Any CPU = Release|Any CPU
	EndGlobalSection
	GlobalSection(ProjectConfigurationPlatforms) = postSolution
		{2AA7F4D3-0247-453F-9768-ED1DCEF707F4}.Debug|Any CPU.ActiveCfg = Debug|Any CPU
		{2AA7F4D3-0247-453F-9768-ED1DCEF707F4}.Debug|Any CPU.Build.0 = Debug|Any CPU
		{2AA7F4D3-0247-453F-9768-ED1DCEF707F4}.Debug|Any CPU.Deploy.0 = Debug|Any CPU
		{2AA7F4D3-0247-453F-9768-ED1DCEF707F4}.Release|Any CPU.ActiveCfg = Release|Any CPU
		{2AA7F4D3-0247-453F-9768-ED1DCEF707F4}.Release|Any CPU.Build.0 = Release|Any CPU
		{2AA7F4D3-0247-453F-9768-ED1DCEF707F4}.Release|Any CPU.Deploy.0 = Release|Any CPU
	EndGlobalSection
	GlobalSection(SolutionProperties) = preSolution
		HideSolutionNode = FALSE
	EndGlobalSection
	GlobalSection(ExtensibilityGlobals) = postSolution
		SolutionGuid = {2203C65E-A5AD-4EEC-9836-D02A72B0359C}
	EndGlobalSection
EndGlobal
